// !$*UTF8*$!
{
	archiveVersion = 1;
	classes = {
	};
	objectVersion = 77;
	objects = {

/* Begin PBXContainerItemProxy section */
		D7BABB382C96C9B100798BE5 /* PBXContainerItemProxy */ = {
			isa = PBXContainerItemProxy;
			containerPortal = D7BABB1F2C96C9B000798BE5 /* Project object */;
			proxyType = 1;
			remoteGlobalIDString = D7BABB262C96C9B000798BE5;
			remoteInfo = MarshallCrypto;
		};
		D7BABB422C96C9B100798BE5 /* PBXContainerItemProxy */ = {
			isa = PBXContainerItemProxy;
			containerPortal = D7BABB1F2C96C9B000798BE5 /* Project object */;
			proxyType = 1;
			remoteGlobalIDString = D7BABB262C96C9B000798BE5;
			remoteInfo = MarshallCrypto;
		};
/* End PBXContainerItemProxy section */

/* Begin PBXFileReference section */
		D7BABB272C96C9B000798BE5 /* MarshallCrypto.app */ = {isa = PBXFileReference; explicitFileType = wrapper.application; includeInIndex = 0; path = MarshallCrypto.app; sourceTree = BUILT_PRODUCTS_DIR; };
		D7BABB372C96C9B100798BE5 /* MarshallCryptoTests.xctest */ = {isa = PBXFileReference; explicitFileType = wrapper.cfbundle; includeInIndex = 0; path = MarshallCryptoTests.xctest; sourceTree = BUILT_PRODUCTS_DIR; };
		D7BABB412C96C9B100798BE5 /* MarshallCryptoUITests.xctest */ = {isa = PBXFileReference; explicitFileType = wrapper.cfbundle; includeInIndex = 0; path = MarshallCryptoUITests.xctest; sourceTree = BUILT_PRODUCTS_DIR; };
/* End PBXFileReference section */

/* Begin PBXFileSystemSynchronizedRootGroup section */
		D7BABB292C96C9B000798BE5 /* MarshallCrypto */ = {
			isa = PBXFileSystemSynchronizedRootGroup;
			path = MarshallCrypto;
			sourceTree = "<group>";
		};
		D7BABB3A2C96C9B100798BE5 /* MarshallCryptoTests */ = {
			isa = PBXFileSystemSynchronizedRootGroup;
			path = MarshallCryptoTests;
			sourceTree = "<group>";
		};
		D7BABB442C96C9B100798BE5 /* MarshallCryptoUITests */ = {
			isa = PBXFileSystemSynchronizedRootGroup;
			path = MarshallCryptoUITests;
			sourceTree = "<group>";
		};
/* End PBXFileSystemSynchronizedRootGroup section */

/* Begin PBXFrameworksBuildPhase section */
		D7BABB242C96C9B000798BE5 /* Frameworks */ = {
			isa = PBXFrameworksBuildPhase;
			buildActionMask = 2147483647;
			files = (
			);
			runOnlyForDeploymentPostprocessing = 0;
		};
		D7BABB342C96C9B100798BE5 /* Frameworks */ = {
			isa = PBXFrameworksBuildPhase;
			buildActionMask = 2147483647;
			files = (
			);
			runOnlyForDeploymentPostprocessing = 0;
		};
		D7BABB3E2C96C9B100798BE5 /* Frameworks */ = {
			isa = PBXFrameworksBuildPhase;
			buildActionMask = 2147483647;
			files = (
			);
			runOnlyForDeploymentPostprocessing = 0;
		};
/* End PBXFrameworksBuildPhase section */

/* Begin PBXGroup section */
		D7BABB1E2C96C9B000798BE5 = {
			isa = PBXGroup;
			children = (
				D7BABB292C96C9B000798BE5 /* MarshallCrypto */,
				D7BABB3A2C96C9B100798BE5 /* MarshallCryptoTests */,
				D7BABB442C96C9B100798BE5 /* MarshallCryptoUITests */,
				D7BABB282C96C9B000798BE5 /* Products */,
			);
			sourceTree = "<group>";
		};
		D7BABB282C96C9B000798BE5 /* Products */ = {
			isa = PBXGroup;
			children = (
				D7BABB272C96C9B000798BE5 /* MarshallCrypto.app */,
				D7BABB372C96C9B100798BE5 /* MarshallCryptoTests.xctest */,
				D7BABB412C96C9B100798BE5 /* MarshallCryptoUITests.xctest */,
			);
			name = Products;
			sourceTree = "<group>";
		};
/* End PBXGroup section */

/* Begin PBXNativeTarget section */
		D7BABB262C96C9B000798BE5 /* MarshallCrypto */ = {
			isa = PBXNativeTarget;
			buildConfigurationList = D7BABB4B2C96C9B100798BE5 /* Build configuration list for PBXNativeTarget "MarshallCrypto" */;
			buildPhases = (
				D7BABB232C96C9B000798BE5 /* Sources */,
				D7BABB242C96C9B000798BE5 /* Frameworks */,
				D7BABB252C96C9B000798BE5 /* Resources */,
			);
			buildRules = (
			);
			dependencies = (
			);
			fileSystemSynchronizedGroups = (
				D7BABB292C96C9B000798BE5 /* MarshallCrypto */,
			);
			name = MarshallCrypto;
			packageProductDependencies = (
			);
			productName = MarshallCrypto;
			productReference = D7BABB272C96C9B000798BE5 /* MarshallCrypto.app */;
			productType = "com.apple.product-type.application";
		};
		D7BABB362C96C9B100798BE5 /* MarshallCryptoTests */ = {
			isa = PBXNativeTarget;
			buildConfigurationList = D7BABB4E2C96C9B100798BE5 /* Build configuration list for PBXNativeTarget "MarshallCryptoTests" */;
			buildPhases = (
				D7BABB332C96C9B100798BE5 /* Sources */,
				D7BABB342C96C9B100798BE5 /* Frameworks */,
				D7BABB352C96C9B100798BE5 /* Resources */,
			);
			buildRules = (
			);
			dependencies = (
				D7BABB392C96C9B100798BE5 /* PBXTargetDependency */,
			);
			fileSystemSynchronizedGroups = (
				D7BABB3A2C96C9B100798BE5 /* MarshallCryptoTests */,
			);
			name = MarshallCryptoTests;
			packageProductDependencies = (
			);
			productName = MarshallCryptoTests;
			productReference = D7BABB372C96C9B100798BE5 /* MarshallCryptoTests.xctest */;
			productType = "com.apple.product-type.bundle.unit-test";
		};
		D7BABB402C96C9B100798BE5 /* MarshallCryptoUITests */ = {
			isa = PBXNativeTarget;
			buildConfigurationList = D7BABB512C96C9B100798BE5 /* Build configuration list for PBXNativeTarget "MarshallCryptoUITests" */;
			buildPhases = (
				D7BABB3D2C96C9B100798BE5 /* Sources */,
				D7BABB3E2C96C9B100798BE5 /* Frameworks */,
				D7BABB3F2C96C9B100798BE5 /* Resources */,
			);
			buildRules = (
			);
			dependencies = (
				D7BABB432C96C9B100798BE5 /* PBXTargetDependency */,
			);
			fileSystemSynchronizedGroups = (
				D7BABB442C96C9B100798BE5 /* MarshallCryptoUITests */,
			);
			name = MarshallCryptoUITests;
			packageProductDependencies = (
			);
			productName = MarshallCryptoUITests;
			productReference = D7BABB412C96C9B100798BE5 /* MarshallCryptoUITests.xctest */;
			productType = "com.apple.product-type.bundle.ui-testing";
		};
/* End PBXNativeTarget section */

/* Begin PBXProject section */
		D7BABB1F2C96C9B000798BE5 /* Project object */ = {
			isa = PBXProject;
			attributes = {
				BuildIndependentTargetsInParallel = 1;
				LastSwiftUpdateCheck = 1600;
				LastUpgradeCheck = 1600;
				TargetAttributes = {
					D7BABB262C96C9B000798BE5 = {
						CreatedOnToolsVersion = 16.0;
					};
					D7BABB362C96C9B100798BE5 = {
						CreatedOnToolsVersion = 16.0;
						TestTargetID = D7BABB262C96C9B000798BE5;
					};
					D7BABB402C96C9B100798BE5 = {
						CreatedOnToolsVersion = 16.0;
						TestTargetID = D7BABB262C96C9B000798BE5;
					};
				};
			};
			buildConfigurationList = D7BABB222C96C9B000798BE5 /* Build configuration list for PBXProject "MarshallCrypto" */;
			developmentRegion = en;
			hasScannedForEncodings = 0;
			knownRegions = (
				en,
				Base,
			);
			mainGroup = D7BABB1E2C96C9B000798BE5;
			minimizedProjectReferenceProxies = 1;
			preferredProjectObjectVersion = 77;
			productRefGroup = D7BABB282C96C9B000798BE5 /* Products */;
			projectDirPath = "";
			projectRoot = "";
			targets = (
				D7BABB262C96C9B000798BE5 /* MarshallCrypto */,
				D7BABB362C96C9B100798BE5 /* MarshallCryptoTests */,
				D7BABB402C96C9B100798BE5 /* MarshallCryptoUITests */,
			);
		};
/* End PBXProject section */

/* Begin PBXResourcesBuildPhase section */
		D7BABB252C96C9B000798BE5 /* Resources */ = {
			isa = PBXResourcesBuildPhase;
			buildActionMask = 2147483647;
			files = (
			);
			runOnlyForDeploymentPostprocessing = 0;
		};
		D7BABB352C96C9B100798BE5 /* Resources */ = {
			isa = PBXResourcesBuildPhase;
			buildActionMask = 2147483647;
			files = (
			);
			runOnlyForDeploymentPostprocessing = 0;
		};
		D7BABB3F2C96C9B100798BE5 /* Resources */ = {
			isa = PBXResourcesBuildPhase;
			buildActionMask = 2147483647;
			files = (
			);
			runOnlyForDeploymentPostprocessing = 0;
		};
/* End PBXResourcesBuildPhase section */

/* Begin PBXSourcesBuildPhase section */
		D7BABB232C96C9B000798BE5 /* Sources */ = {
			isa = PBXSourcesBuildPhase;
			buildActionMask = 2147483647;
			files = (
			);
			runOnlyForDeploymentPostprocessing = 0;
		};
		D7BABB332C96C9B100798BE5 /* Sources */ = {
			isa = PBXSourcesBuildPhase;
			buildActionMask = 2147483647;
			files = (
			);
			runOnlyForDeploymentPostprocessing = 0;
		};
		D7BABB3D2C96C9B100798BE5 /* Sources */ = {
			isa = PBXSourcesBuildPhase;
			buildActionMask = 2147483647;
			files = (
			);
			runOnlyForDeploymentPostprocessing = 0;
		};
/* End PBXSourcesBuildPhase section */

/* Begin PBXTargetDependency section */
		D7BABB392C96C9B100798BE5 /* PBXTargetDependency */ = {
			isa = PBXTargetDependency;
			target = D7BABB262C96C9B000798BE5 /* MarshallCrypto */;
			targetProxy = D7BABB382C96C9B100798BE5 /* PBXContainerItemProxy */;
		};
		D7BABB432C96C9B100798BE5 /* PBXTargetDependency */ = {
			isa = PBXTargetDependency;
			target = D7BABB262C96C9B000798BE5 /* MarshallCrypto */;
			targetProxy = D7BABB422C96C9B100798BE5 /* PBXContainerItemProxy */;
		};
/* End PBXTargetDependency section */

/* Begin XCBuildConfiguration section */
		D7BABB492C96C9B100798BE5 /* Debug */ = {
			isa = XCBuildConfiguration;
			buildSettings = {
				ALWAYS_SEARCH_USER_PATHS = NO;
				ASSETCATALOG_COMPILER_GENERATE_SWIFT_ASSET_SYMBOL_EXTENSIONS = YES;
				CLANG_ANALYZER_NONNULL = YES;
				CLANG_ANALYZER_NUMBER_OBJECT_CONVERSION = YES_AGGRESSIVE;
				CLANG_CXX_LANGUAGE_STANDARD = "gnu++20";
				CLANG_ENABLE_MODULES = YES;
				CLANG_ENABLE_OBJC_ARC = YES;
				CLANG_ENABLE_OBJC_WEAK = YES;
				CLANG_WARN_BLOCK_CAPTURE_AUTORELEASING = YES;
				CLANG_WARN_BOOL_CONVERSION = YES;
				CLANG_WARN_COMMA = YES;
				CLANG_WARN_CONSTANT_CONVERSION = YES;
				CLANG_WARN_DEPRECATED_OBJC_IMPLEMENTATIONS = YES;
				CLANG_WARN_DIRECT_OBJC_ISA_USAGE = YES_ERROR;
				CLANG_WARN_DOCUMENTATION_COMMENTS = YES;
				CLANG_WARN_EMPTY_BODY = YES;
				CLANG_WARN_ENUM_CONVERSION = YES;
				CLANG_WARN_INFINITE_RECURSION = YES;
				CLANG_WARN_INT_CONVERSION = YES;
				CLANG_WARN_NON_LITERAL_NULL_CONVERSION = YES;
				CLANG_WARN_OBJC_IMPLICIT_RETAIN_SELF = YES;
				CLANG_WARN_OBJC_LITERAL_CONVERSION = YES;
				CLANG_WARN_OBJC_ROOT_CLASS = YES_ERROR;
				CLANG_WARN_QUOTED_INCLUDE_IN_FRAMEWORK_HEADER = YES;
				CLANG_WARN_RANGE_LOOP_ANALYSIS = YES;
				CLANG_WARN_STRICT_PROTOTYPES = YES;
				CLANG_WARN_SUSPICIOUS_MOVE = YES;
				CLANG_WARN_UNGUARDED_AVAILABILITY = YES_AGGRESSIVE;
				CLANG_WARN_UNREACHABLE_CODE = YES;
				CLANG_WARN__DUPLICATE_METHOD_MATCH = YES;
				COPY_PHASE_STRIP = NO;
				DEBUG_INFORMATION_FORMAT = dwarf;
				ENABLE_STRICT_OBJC_MSGSEND = YES;
				ENABLE_TESTABILITY = YES;
				ENABLE_USER_SCRIPT_SANDBOXING = YES;
				GCC_C_LANGUAGE_STANDARD = gnu17;
				GCC_DYNAMIC_NO_PIC = NO;
				GCC_NO_COMMON_BLOCKS = YES;
				GCC_OPTIMIZATION_LEVEL = 0;
				GCC_PREPROCESSOR_DEFINITIONS = (
					"DEBUG=1",
					"$(inherited)",
				);
				GCC_WARN_64_TO_32_BIT_CONVERSION = YES;
				GCC_WARN_ABOUT_RETURN_TYPE = YES_ERROR;
				GCC_WARN_UNDECLARED_SELECTOR = YES;
				GCC_WARN_UNINITIALIZED_AUTOS = YES_AGGRESSIVE;
				GCC_WARN_UNUSED_FUNCTION = YES;
				GCC_WARN_UNUSED_VARIABLE = YES;
				IPHONEOS_DEPLOYMENT_TARGET = 18.0;
				LOCALIZATION_PREFERS_STRING_CATALOGS = YES;
				MTL_ENABLE_DEBUG_INFO = INCLUDE_SOURCE;
				MTL_FAST_MATH = YES;
				ONLY_ACTIVE_ARCH = YES;
				SDKROOT = iphoneos;
				SWIFT_ACTIVE_COMPILATION_CONDITIONS = "DEBUG $(inherited)";
				SWIFT_OPTIMIZATION_LEVEL = "-Onone";
			};
			name = Debug;
		};
		D7BABB4A2C96C9B100798BE5 /* Release */ = {
			isa = XCBuildConfiguration;
			buildSettings = {
				ALWAYS_SEARCH_USER_PATHS = NO;
				ASSETCATALOG_COMPILER_GENERATE_SWIFT_ASSET_SYMBOL_EXTENSIONS = YES;
				CLANG_ANALYZER_NONNULL = YES;
				CLANG_ANALYZER_NUMBER_OBJECT_CONVERSION = YES_AGGRESSIVE;
				CLANG_CXX_LANGUAGE_STANDARD = "gnu++20";
				CLANG_ENABLE_MODULES = YES;
				CLANG_ENABLE_OBJC_ARC = YES;
				CLANG_ENABLE_OBJC_WEAK = YES;
				CLANG_WARN_BLOCK_CAPTURE_AUTORELEASING = YES;
				CLANG_WARN_BOOL_CONVERSION = YES;
				CLANG_WARN_COMMA = YES;
				CLANG_WARN_CONSTANT_CONVERSION = YES;
				CLANG_WARN_DEPRECATED_OBJC_IMPLEMENTATIONS = YES;
				CLANG_WARN_DIRECT_OBJC_ISA_USAGE = YES_ERROR;
				CLANG_WARN_DOCUMENTATION_COMMENTS = YES;
				CLANG_WARN_EMPTY_BODY = YES;
				CLANG_WARN_ENUM_CONVERSION = YES;
				CLANG_WARN_INFINITE_RECURSION = YES;
				CLANG_WARN_INT_CONVERSION = YES;
				CLANG_WARN_NON_LITERAL_NULL_CONVERSION = YES;
				CLANG_WARN_OBJC_IMPLICIT_RETAIN_SELF = YES;
				CLANG_WARN_OBJC_LITERAL_CONVERSION = YES;
				CLANG_WARN_OBJC_ROOT_CLASS = YES_ERROR;
				CLANG_WARN_QUOTED_INCLUDE_IN_FRAMEWORK_HEADER = YES;
				CLANG_WARN_RANGE_LOOP_ANALYSIS = YES;
				CLANG_WARN_STRICT_PROTOTYPES = YES;
				CLANG_WARN_SUSPICIOUS_MOVE = YES;
				CLANG_WARN_UNGUARDED_AVAILABILITY = YES_AGGRESSIVE;
				CLANG_WARN_UNREACHABLE_CODE = YES;
				CLANG_WARN__DUPLICATE_METHOD_MATCH = YES;
				COPY_PHASE_STRIP = NO;
				DEBUG_INFORMATION_FORMAT = "dwarf-with-dsym";
				ENABLE_NS_ASSERTIONS = NO;
				ENABLE_STRICT_OBJC_MSGSEND = YES;
				ENABLE_USER_SCRIPT_SANDBOXING = YES;
				GCC_C_LANGUAGE_STANDARD = gnu17;
				GCC_NO_COMMON_BLOCKS = YES;
				GCC_WARN_64_TO_32_BIT_CONVERSION = YES;
				GCC_WARN_ABOUT_RETURN_TYPE = YES_ERROR;
				GCC_WARN_UNDECLARED_SELECTOR = YES;
				GCC_WARN_UNINITIALIZED_AUTOS = YES_AGGRESSIVE;
				GCC_WARN_UNUSED_FUNCTION = YES;
				GCC_WARN_UNUSED_VARIABLE = YES;
				IPHONEOS_DEPLOYMENT_TARGET = 18.0;
				LOCALIZATION_PREFERS_STRING_CATALOGS = YES;
				MTL_ENABLE_DEBUG_INFO = NO;
				MTL_FAST_MATH = YES;
				SDKROOT = iphoneos;
				SWIFT_COMPILATION_MODE = wholemodule;
				VALIDATE_PRODUCT = YES;
			};
			name = Release;
		};
		D7BABB4C2C96C9B100798BE5 /* Debug */ = {
			isa = XCBuildConfiguration;
			buildSettings = {
				ASSETCATALOG_COMPILER_APPICON_NAME = AppIcon;
				ASSETCATALOG_COMPILER_GLOBAL_ACCENT_COLOR_NAME = AccentColor;
				CODE_SIGN_STYLE = Automatic;
				CURRENT_PROJECT_VERSION = 1;
				DEVELOPMENT_ASSET_PATHS = "\"MarshallCrypto/Preview Content\"";
				DEVELOPMENT_TEAM = JJXUXLD8GD;
				ENABLE_PREVIEWS = YES;
				GENERATE_INFOPLIST_FILE = YES;
				INFOPLIST_KEY_UIApplicationSceneManifest_Generation = YES;
				INFOPLIST_KEY_UIApplicationSupportsIndirectInputEvents = YES;
				INFOPLIST_KEY_UILaunchScreen_Generation = YES;
				INFOPLIST_KEY_UISupportedInterfaceOrientations_iPad = "UIInterfaceOrientationPortrait UIInterfaceOrientationPortraitUpsideDown UIInterfaceOrientationLandscapeLeft UIInterfaceOrientationLandscapeRight";
				INFOPLIST_KEY_UISupportedInterfaceOrientations_iPhone = "UIInterfaceOrientationPortrait UIInterfaceOrientationLandscapeLeft UIInterfaceOrientationLandscapeRight";
				LD_RUNPATH_SEARCH_PATHS = (
					"$(inherited)",
					"@executable_path/Frameworks",
				);
				MARKETING_VERSION = 1.0;
				PRODUCT_BUNDLE_IDENTIFIER = Skry.MarshallCrypto;
				PRODUCT_NAME = "$(TARGET_NAME)";
				SWIFT_EMIT_LOC_STRINGS = YES;
				SWIFT_VERSION = 5.0;
				TARGETED_DEVICE_FAMILY = "1,2";
			};
			name = Debug;
		};
		D7BABB4D2C96C9B100798BE5 /* Release */ = {
			isa = XCBuildConfiguration;
			buildSettings = {
				ASSETCATALOG_COMPILER_APPICON_NAME = AppIcon;
				ASSETCATALOG_COMPILER_GLOBAL_ACCENT_COLOR_NAME = AccentColor;
				CODE_SIGN_STYLE = Automatic;
				CURRENT_PROJECT_VERSION = 1;
				DEVELOPMENT_ASSET_PATHS = "\"MarshallCrypto/Preview Content\"";
				DEVELOPMENT_TEAM = JJXUXLD8GD;
				ENABLE_PREVIEWS = YES;
				GENERATE_INFOPLIST_FILE = YES;
				INFOPLIST_KEY_UIApplicationSceneManifest_Generation = YES;
				INFOPLIST_KEY_UIApplicationSupportsIndirectInputEvents = YES;
				INFOPLIST_KEY_UILaunchScreen_Generation = YES;
				INFOPLIST_KEY_UISupportedInterfaceOrientations_iPad = "UIInterfaceOrientationPortrait UIInterfaceOrientationPortraitUpsideDown UIInterfaceOrientationLandscapeLeft UIInterfaceOrientationLandscapeRight";
				INFOPLIST_KEY_UISupportedInterfaceOrientations_iPhone = "UIInterfaceOrientationPortrait UIInterfaceOrientationLandscapeLeft UIInterfaceOrientationLandscapeRight";
				LD_RUNPATH_SEARCH_PATHS = (
					"$(inherited)",
					"@executable_path/Frameworks",
				);
				MARKETING_VERSION = 1.0;
				PRODUCT_BUNDLE_IDENTIFIER = Skry.MarshallCrypto;
				PRODUCT_NAME = "$(TARGET_NAME)";
				SWIFT_EMIT_LOC_STRINGS = YES;
				SWIFT_VERSION = 5.0;
				TARGETED_DEVICE_FAMILY = "1,2";
			};
			name = Release;
		};
		D7BABB4F2C96C9B100798BE5 /* Debug */ = {
			isa = XCBuildConfiguration;
			buildSettings = {
				BUNDLE_LOADER = "$(TEST_HOST)";
				CODE_SIGN_STYLE = Automatic;
				CURRENT_PROJECT_VERSION = 1;
				DEVELOPMENT_TEAM = JJXUXLD8GD;
				GENERATE_INFOPLIST_FILE = YES;
				IPHONEOS_DEPLOYMENT_TARGET = 18.0;
				MARKETING_VERSION = 1.0;
				PRODUCT_BUNDLE_IDENTIFIER = Skry.MarshallCryptoTests;
				PRODUCT_NAME = "$(TARGET_NAME)";
				SWIFT_EMIT_LOC_STRINGS = NO;
				SWIFT_VERSION = 5.0;
				TARGETED_DEVICE_FAMILY = "1,2";
				TEST_HOST = "$(BUILT_PRODUCTS_DIR)/MarshallCrypto.app/$(BUNDLE_EXECUTABLE_FOLDER_PATH)/MarshallCrypto";
			};
			name = Debug;
		};
		D7BABB502C96C9B100798BE5 /* Release */ = {
			isa = XCBuildConfiguration;
			buildSettings = {
				BUNDLE_LOADER = "$(TEST_HOST)";
				CODE_SIGN_STYLE = Automatic;
				CURRENT_PROJECT_VERSION = 1;
				DEVELOPMENT_TEAM = JJXUXLD8GD;
				GENERATE_INFOPLIST_FILE = YES;
				IPHONEOS_DEPLOYMENT_TARGET = 18.0;
				MARKETING_VERSION = 1.0;
				PRODUCT_BUNDLE_IDENTIFIER = Skry.MarshallCryptoTests;
				PRODUCT_NAME = "$(TARGET_NAME)";
				SWIFT_EMIT_LOC_STRINGS = NO;
				SWIFT_VERSION = 5.0;
				TARGETED_DEVICE_FAMILY = "1,2";
				TEST_HOST = "$(BUILT_PRODUCTS_DIR)/MarshallCrypto.app/$(BUNDLE_EXECUTABLE_FOLDER_PATH)/MarshallCrypto";
			};
			name = Release;
		};
		D7BABB522C96C9B100798BE5 /* Debug */ = {
			isa = XCBuildConfiguration;
			buildSettings = {
				CODE_SIGN_STYLE = Automatic;
				CURRENT_PROJECT_VERSION = 1;
				DEVELOPMENT_TEAM = JJXUXLD8GD;
				GENERATE_INFOPLIST_FILE = YES;
				MARKETING_VERSION = 1.0;
				PRODUCT_BUNDLE_IDENTIFIER = Skry.MarshallCryptoUITests;
				PRODUCT_NAME = "$(TARGET_NAME)";
				SWIFT_EMIT_LOC_STRINGS = NO;
				SWIFT_VERSION = 5.0;
				TARGETED_DEVICE_FAMILY = "1,2";
				TEST_TARGET_NAME = MarshallCrypto;
			};
			name = Debug;
		};
		D7BABB532C96C9B100798BE5 /* Release */ = {
			isa = XCBuildConfiguration;
			buildSettings = {
				CODE_SIGN_STYLE = Automatic;
				CURRENT_PROJECT_VERSION = 1;
				DEVELOPMENT_TEAM = JJXUXLD8GD;
				GENERATE_INFOPLIST_FILE = YES;
				MARKETING_VERSION = 1.0;
				PRODUCT_BUNDLE_IDENTIFIER = Skry.MarshallCryptoUITests;
				PRODUCT_NAME = "$(TARGET_NAME)";
				SWIFT_EMIT_LOC_STRINGS = NO;
				SWIFT_VERSION = 5.0;
				TARGETED_DEVICE_FAMILY = "1,2";
				TEST_TARGET_NAME = MarshallCrypto;
			};
			name = Release;
		};
/* End XCBuildConfiguration section */

/* Begin XCConfigurationList section */
		D7BABB222C96C9B000798BE5 /* Build configuration list for PBXProject "MarshallCrypto" */ = {
			isa = XCConfigurationList;
			buildConfigurations = (
				D7BABB492C96C9B100798BE5 /* Debug */,
				D7BABB4A2C96C9B100798BE5 /* Release */,
			);
			defaultConfigurationIsVisible = 0;
			defaultConfigurationName = Release;
		};
		D7BABB4B2C96C9B100798BE5 /* Build configuration list for PBXNativeTarget "MarshallCrypto" */ = {
			isa = XCConfigurationList;
			buildConfigurations = (
				D7BABB4C2C96C9B100798BE5 /* Debug */,
				D7BABB4D2C96C9B100798BE5 /* Release */,
			);
			defaultConfigurationIsVisible = 0;
			defaultConfigurationName = Release;
		};
		D7BABB4E2C96C9B100798BE5 /* Build configuration list for PBXNativeTarget "MarshallCryptoTests" */ = {
			isa = XCConfigurationList;
			buildConfigurations = (
				D7BABB4F2C96C9B100798BE5 /* Debug */,
				D7BABB502C96C9B100798BE5 /* Release */,
			);
			defaultConfigurationIsVisible = 0;
			defaultConfigurationName = Release;
		};
		D7BABB512C96C9B100798BE5 /* Build configuration list for PBXNativeTarget "MarshallCryptoUITests" */ = {
			isa = XCConfigurationList;
			buildConfigurations = (
				D7BABB522C96C9B100798BE5 /* Debug */,
				D7BABB532C96C9B100798BE5 /* Release */,
			);
			defaultConfigurationIsVisible = 0;
			defaultConfigurationName = Release;
		};
/* End XCConfigurationList section */
	};
	rootObject = D7BABB1F2C96C9B000798BE5 /* Project object */;
}
